
Microsoft Visual Studio Solution File, Format Version 12.00
# Visual Studio Version 16
VisualStudioVersion = 16.0.29709.97
MinimumVisualStudioVersion = 10.0.40219.1
Project("{F184B08F-C81C-45F6-A57F-5ABD9991F28F}") = "wuziqi_GUI", "wuziqi_GUI\wuziqi_GUI.vbproj", "{A7B1BC82-CE3F-4EEE-8FF9-AEF3FAC2DC15}"
EndProject
Project("{8BC9CEB8-8B4A-11D0-8D11-00A0C91BC942}") = "wuziqi_Robot", "wuziqi_Robot\wuziqi_Robot.vcxproj", "{917BA4B1-3D02-43C5-A5D9-6A5AF53F02A6}"
EndProject
Global
	GlobalSection(SolutionConfigurationPlatforms) = preSolution
		Debug|Any CPU = Debug|Any CPU
		Debug|x64 = Debug|x64
		Debug|x86 = Debug|x86
		Release|Any CPU = Release|Any CPU
		Release|x64 = Release|x64
		Release|x86 = Release|x86
	EndGlobalSection
	GlobalSection(ProjectConfigurationPlatforms) = postSolution
		{A7B1BC82-CE3F-4EEE-8FF9-AEF3FAC2DC15}.Debug|Any CPU.ActiveCfg = Debug|Any CPU
		{A7B1BC82-CE3F-4EEE-8FF9-AEF3FAC2DC15}.Debug|Any CPU.Build.0 = Debug|Any CPU
		{A7B1BC82-CE3F-4EEE-8FF9-AEF3FAC2DC15}.Debug|x64.ActiveCfg = Debug|Any CPU
		{A7B1BC82-CE3F-4EEE-8FF9-AEF3FAC2DC15}.Debug|x64.Build.0 = Debug|Any CPU
		{A7B1BC82-CE3F-4EEE-8FF9-AEF3FAC2DC15}.Debug|x86.ActiveCfg = Debug|Any CPU
		{A7B1BC82-CE3F-4EEE-8FF9-AEF3FAC2DC15}.Debug|x86.Build.0 = Debug|Any CPU
		{A7B1BC82-CE3F-4EEE-8FF9-AEF3FAC2DC15}.Release|Any CPU.ActiveCfg = Release|Any CPU
		{A7B1BC82-CE3F-4EEE-8FF9-AEF3FAC2DC15}.Release|Any CPU.Build.0 = Release|Any CPU
		{A7B1BC82-CE3F-4EEE-8FF9-AEF3FAC2DC15}.Release|x64.ActiveCfg = Release|Any CPU
		{A7B1BC82-CE3F-4EEE-8FF9-AEF3FAC2DC15}.Release|x64.Build.0 = Release|Any CPU
		{A7B1BC82-CE3F-4EEE-8FF9-AEF3FAC2DC15}.Release|x86.ActiveCfg = Release|Any CPU
		{A7B1BC82-CE3F-4EEE-8FF9-AEF3FAC2DC15}.Release|x86.Build.0 = Release|Any CPU
		{917BA4B1-3D02-43C5-A5D9-6A5AF53F02A6}.Debug|Any CPU.ActiveCfg = Debug|Win32
		{917BA4B1-3D02-43C5-A5D9-6A5AF53F02A6}.Debug|Any CPU.Build.0 = Debug|Win32
		{917BA4B1-3D02-43C5-A5D9-6A5AF53F02A6}.Debug|x64.ActiveCfg = Debug|x64
		{917BA4B1-3D02-43C5-A5D9-6A5AF53F02A6}.Debug|x64.Build.0 = Debug|x64
		{917BA4B1-3D02-43C5-A5D9-6A5AF53F02A6}.Debug|x86.ActiveCfg = Debug|Win32
		{917BA4B1-3D02-43C5-A5D9-6A5AF53F02A6}.Debug|x86.Build.0 = Debug|Win32
		{917BA4B1-3D02-43C5-A5D9-6A5AF53F02A6}.Release|Any CPU.ActiveCfg = Release|Win32
		{917BA4B1-3D02-43C5-A5D9-6A5AF53F02A6}.Release|Any CPU.Build.0 = Release|Win32
		{917BA4B1-3D02-43C5-A5D9-6A5AF53F02A6}.Release|x64.ActiveCfg = Release|x64
		{917BA4B1-3D02-43C5-A5D9-6A5AF53F02A6}.Release|x64.Build.0 = Release|x64
		{917BA4B1-3D02-43C5-A5D9-6A5AF53F02A6}.Release|x86.ActiveCfg = Release|Win32
		{917BA4B1-3D02-43C5-A5D9-6A5AF53F02A6}.Release|x86.Build.0 = Release|Win32
	EndGlobalSection
	GlobalSection(SolutionProperties) = preSolution
		HideSolutionNode = FALSE
	EndGlobalSection
	GlobalSection(ExtensibilityGlobals) = postSolution
		SolutionGuid = {C7A92828-A4C0-4086-A1AC-49D1207A9C61}
	EndGlobalSection
EndGlobal
